{
	"name": "hung255-pkg",
	"version": "0.0.2",
	"lockfileVersion": 3,
	"requires": true,
	"packages": {
		"": {
			"name": "hung255-pkg",
			"version": "0.0.2",
			"license": "MIT",
			"dependencies": {
				"hung-pkg-test": "^0.0.5",
				"hung255-pkg": "^0.0.2"
			},
			"bin": {
				"test-bin": "bin/cli.mjs"
			},
			"engines": {
				"node": ">=18"
			},
			"funding": {
				"url": "https://github.com/sponsors/hunghg255"
			}
		},
		"node_modules/hung-pkg-test": {
			"version": "0.0.5",
			"resolved": "https://registry.npmjs.org/hung-pkg-test/-/hung-pkg-test-0.0.5.tgz",
			"integrity": "sha512-aWWnBApej8PaWhuHv3Y7IwgTCucYarhtEAIdNqHuiWTWZ1w6fGT4deWhwKvG4SAMLT3O0nkDlYa4fNFG3XQSXw==",
			"dependencies": {
				"lodash": "^4.17.21",
				"lodash-es": "^4.17.21"
			}
		},
		"node_modules/hung255-pkg": {
			"version": "0.0.2",
			"resolved": "https://registry.npmjs.org/hung255-pkg/-/hung255-pkg-0.0.2.tgz",
			"integrity": "sha512-Td780x9A394xbDd9Z0xi0RuPzoJVym3LdNYy9U5OMohpdV//bPV+5Ol7NwCKYXKdan2TIpRXiDSdMu0htSMPmw==",
			"license": "MIT",
			"dependencies": {
				"hung-pkg-test": "^0.0.5"
			},
			"bin": {
				"test-bin": "bin/cli.mjs"
			},
			"engines": {
				"node": ">=18"
			},
			"funding": {
				"url": "https://github.com/sponsors/hunghg255"
			}
		},
		"node_modules/lodash": {
			"version": "4.17.21",
			"resolved": "https://registry.npmjs.org/lodash/-/lodash-4.17.21.tgz",
			"integrity": "sha512-v2kDEe57lecTulaDIuNTPy3Ry4gLGJ6Z1O3vE1krgXZNrsQ+LFTGHVxVjcXPs17LhbZVGedAJv8XZ1tvj5FvSg==",
			"license": "MIT"
		},
		"node_modules/lodash-es": {
			"version": "4.17.21",
			"resolved": "https://registry.npmjs.org/lodash-es/-/lodash-es-4.17.21.tgz",
			"integrity": "sha512-mKnC+QJ9pWVzv+C4/U3rRsHapFfHvQFoFB92e52xeyGMcX6/OlIl78je1u8vePzYZSkkogMPJ2yjxxsb89cxyw==",
			"license": "MIT"
		}
	}
}
